
Microsoft Visual Studio Solution File, Format Version 12.00
# Visual Studio Version 17
VisualStudioVersion = 17.8.34511.84
MinimumVisualStudioVersion = 10.0.40219.1
Project("{FAE04EC0-301F-11D3-BF4B-00C04F79EFBC}") = "MedleyCarCare", "Medley Car Care\MedleyCarCare.csproj", "{8F53A3AD-A89A-4B57-9980-675D77434180}"
EndProject
Global
	GlobalSection(SolutionConfigurationPlatforms) = preSolution
		Debug|Any CPU = Debug|Any CPU
		Release|Any CPU = Release|Any CPU
	EndGlobalSection
	GlobalSection(ProjectConfigurationPlatforms) = postSolution
		{8F53A3AD-A89A-4B57-9980-675D77434180}.Debug|Any CPU.ActiveCfg = Debug|Any CPU
		{8F53A3AD-A89A-4B57-9980-675D77434180}.Debug|Any CPU.Build.0 = Debug|Any CPU
		{8F53A3AD-A89A-4B57-9980-675D77434180}.Release|Any CPU.ActiveCfg = Release|Any CPU
		{8F53A3AD-A89A-4B57-9980-675D77434180}.Release|Any CPU.Build.0 = Release|Any CPU
	EndGlobalSection
	GlobalSection(SolutionProperties) = preSolution
		HideSolutionNode = FALSE
	EndGlobalSection
	GlobalSection(ExtensibilityGlobals) = postSolution
		SolutionGuid = {FAE08DCB-D902-4542-BC9B-F875F8B6F3CC}
	EndGlobalSection
EndGlobal
